
Microsoft Visual Studio Solution File, Format Version 12.00
# Visual Studio Version 17
VisualStudioVersion = 17.5.33502.453
MinimumVisualStudioVersion = 10.0.40219.1
Project("{9A19103F-16F7-4668-BE54-9A1E7A4F7556}") = "Domain", "Domain\Domain.csproj", "{5979B882-A402-47E1-8302-5069F2E6A970}"
EndProject
Project("{9A19103F-16F7-4668-BE54-9A1E7A4F7556}") = "Application", "Application\Application.csproj", "{48DFE714-6212-4528-A7D0-FFAFCE94AA71}"
EndProject
Project("{9A19103F-16F7-4668-BE54-9A1E7A4F7556}") = "Infrastructure", "Infrastructure\Infrastructure.csproj", "{6BBB462E-55B9-4232-A7A4-6BC47FCEF335}"
EndProject
Project("{9A19103F-16F7-4668-BE54-9A1E7A4F7556}") = "CrossCutting", "CrossCutting\CrossCutting.csproj", "{04D72406-BBE1-48D3-8DBF-982C80E8F914}"
EndProject
Project("{9A19103F-16F7-4668-BE54-9A1E7A4F7556}") = "Api", "Api\Api.csproj", "{1FFFF6C5-B633-47D0-B98C-2E096A35F8E8}"
EndProject
Project("{2150E333-8FDC-42A3-9474-1A3956D46DE8}") = "Itens de Solução", "Itens de Solução", "{DAF27DC3-0219-4F84-9AEA-05C52FEFE151}"
	ProjectSection(SolutionItems) = preProject
		.gitignore = .gitignore
		DockerFile = DockerFile
	EndProjectSection
EndProject
Global
	GlobalSection(SolutionConfigurationPlatforms) = preSolution
		Debug|Any CPU = Debug|Any CPU
		Release|Any CPU = Release|Any CPU
	EndGlobalSection
	GlobalSection(ProjectConfigurationPlatforms) = postSolution
		{5979B882-A402-47E1-8302-5069F2E6A970}.Debug|Any CPU.ActiveCfg = Debug|Any CPU
		{5979B882-A402-47E1-8302-5069F2E6A970}.Debug|Any CPU.Build.0 = Debug|Any CPU
		{5979B882-A402-47E1-8302-5069F2E6A970}.Release|Any CPU.ActiveCfg = Release|Any CPU
		{5979B882-A402-47E1-8302-5069F2E6A970}.Release|Any CPU.Build.0 = Release|Any CPU
		{48DFE714-6212-4528-A7D0-FFAFCE94AA71}.Debug|Any CPU.ActiveCfg = Debug|Any CPU
		{48DFE714-6212-4528-A7D0-FFAFCE94AA71}.Debug|Any CPU.Build.0 = Debug|Any CPU
		{48DFE714-6212-4528-A7D0-FFAFCE94AA71}.Release|Any CPU.ActiveCfg = Release|Any CPU
		{48DFE714-6212-4528-A7D0-FFAFCE94AA71}.Release|Any CPU.Build.0 = Release|Any CPU
		{6BBB462E-55B9-4232-A7A4-6BC47FCEF335}.Debug|Any CPU.ActiveCfg = Debug|Any CPU
		{6BBB462E-55B9-4232-A7A4-6BC47FCEF335}.Debug|Any CPU.Build.0 = Debug|Any CPU
		{6BBB462E-55B9-4232-A7A4-6BC47FCEF335}.Release|Any CPU.ActiveCfg = Release|Any CPU
		{6BBB462E-55B9-4232-A7A4-6BC47FCEF335}.Release|Any CPU.Build.0 = Release|Any CPU
		{04D72406-BBE1-48D3-8DBF-982C80E8F914}.Debug|Any CPU.ActiveCfg = Debug|Any CPU
		{04D72406-BBE1-48D3-8DBF-982C80E8F914}.Debug|Any CPU.Build.0 = Debug|Any CPU
		{04D72406-BBE1-48D3-8DBF-982C80E8F914}.Release|Any CPU.ActiveCfg = Release|Any CPU
		{04D72406-BBE1-48D3-8DBF-982C80E8F914}.Release|Any CPU.Build.0 = Release|Any CPU
		{1FFFF6C5-B633-47D0-B98C-2E096A35F8E8}.Debug|Any CPU.ActiveCfg = Debug|Any CPU
		{1FFFF6C5-B633-47D0-B98C-2E096A35F8E8}.Debug|Any CPU.Build.0 = Debug|Any CPU
		{1FFFF6C5-B633-47D0-B98C-2E096A35F8E8}.Release|Any CPU.ActiveCfg = Release|Any CPU
		{1FFFF6C5-B633-47D0-B98C-2E096A35F8E8}.Release|Any CPU.Build.0 = Release|Any CPU
	EndGlobalSection
	GlobalSection(SolutionProperties) = preSolution
		HideSolutionNode = FALSE
	EndGlobalSection
	GlobalSection(ExtensibilityGlobals) = postSolution
		SolutionGuid = {69345F95-ADDD-471D-88F6-C3C38B5EB216}
	EndGlobalSection
EndGlobal
